
Microsoft Visual Studio Solution File, Format Version 12.00
# Visual Studio Version 16
VisualStudioVersion = 16.0.30406.217
MinimumVisualStudioVersion = 10.0.40219.1
Project("{FAE04EC0-301F-11D3-BF4B-00C04F79EFBC}") = "InternetMon", "InternetMon\InternetMon.csproj", "{CBC96CC1-D190-43D0-AB79-C6338C0F6282}"
EndProject
Global
	GlobalSection(SolutionConfigurationPlatforms) = preSolution
		Debug|Any CPU = Debug|Any CPU
		Release|Any CPU = Release|Any CPU
	EndGlobalSection
	GlobalSection(ProjectConfigurationPlatforms) = postSolution
		{CBC96CC1-D190-43D0-AB79-C6338C0F6282}.Debug|Any CPU.ActiveCfg = Debug|Any CPU
		{CBC96CC1-D190-43D0-AB79-C6338C0F6282}.Debug|Any CPU.Build.0 = Debug|Any CPU
		{CBC96CC1-D190-43D0-AB79-C6338C0F6282}.Release|Any CPU.ActiveCfg = Release|Any CPU
		{CBC96CC1-D190-43D0-AB79-C6338C0F6282}.Release|Any CPU.Build.0 = Release|Any CPU
	EndGlobalSection
	GlobalSection(SolutionProperties) = preSolution
		HideSolutionNode = FALSE
	EndGlobalSection
	GlobalSection(ExtensibilityGlobals) = postSolution
		SolutionGuid = {3B53B751-16E1-43C2-97E7-ECB1586035CE}
	EndGlobalSection
EndGlobal
